lockfileVersion: 5.3

specifiers:
  vite: 2.7.10
  vite-plugin-node: ^0.0.15

dependencies:
  vite: 2.7.10
  vite-plugin-node: 0.0.15_vite@2.7.10

packages:

  /@napi-rs/triples/1.1.0:
    resolution: {integrity: sha512-XQr74QaLeMiqhStEhLn1im9EOMnkypp7MZOwQhGzqp2Weu5eQJbpPxWxixxlYRKWPOmJjsk6qYfYH9kq43yc2w==}
    dev: false

  /@node-rs/helper/1.3.0:
    resolution: {integrity: sha512-KPS0EBA1bXtf96IL7wr5bFHxhL2KCZ6kI/hkyLG7nzEq2cDq8pJhOhcJDOLXIPh5J2LEJ5eXyjDTWDFg5eRypw==}
    dependencies:
      '@napi-rs/triples': 1.1.0
    dev: false

  /@rollup/pluginutils/4.1.2:
    resolution: {integrity: sha512-ROn4qvkxP9SyPeHaf7uQC/GPFY6L/OWy9+bd9AwcjOAWQwxRscoEyAUD8qCY5o5iL4jqQwoLk2kaTKJPb/HwzQ==}
    engines: {node: '>= 8.0.0'}
    dependencies:
      estree-walker: 2.0.2
      picomatch: 2.3.1
    dev: false

  /@swc/core-android-arm-eabi/1.2.127:
    resolution: {integrity: sha512-/bF4gupb+96Fi1FmcGFRig9zToQrAIH/2+NgZMDlCESJP1Dio/bbAB59vPllXgTsfvAQsbv26sScm4VmBmgttw==}
    engines: {node: '>=10'}
    cpu: [arm]
    os: [android]
    requiresBuild: true
    dev: false
    optional: true

  /@swc/core-android-arm64/1.2.127:
    resolution: {integrity: sha512-DqSSjaRrZaY23vbYEBwjU0WxPSfAgnabJK8Dx08DQmTrUXAbsvWkF7QyVdsdZuroC1GiJui/slT33xxNnLVVBg==}
    engines: {node: '>=10'}
    cpu: [arm64]
    os: [android]
    requiresBuild: true
    dev: false
    optional: true

  /@swc/core-darwin-arm64/1.2.127:
    resolution: {integrity: sha512-9aAS7CZzKKHngdN9eHMDveoVcoiyq6EYRGi46CrRDwiEdZ14DzznYlJ37I71cUz1vHapb4YbIWN5/jxb34r/RA==}
    engines: {node: '>=10'}
    cpu: [arm64]
    os: [darwin]
    requiresBuild: true
    dev: false
    optional: true

  /@swc/core-darwin-x64/1.2.127:
    resolution: {integrity: sha512-GSZHGEhpjWStOdpAJvOPZmIEHTksbKezwnNEq1M27lNaiT8dPfrBWi28z/NfQp8HEpEi5U7hTB41PPIXT66MUA==}
    engines: {node: '>=10'}
    cpu: [x64]
    os: [darwin]
    requiresBuild: true
    dev: false
    optional: true

  /@swc/core-freebsd-x64/1.2.127:
    resolution: {integrity: sha512-BJBmcWCSZbdkyq+ZDxvzkvqtz67wgLDsVuAfpIdCEw1KoFTJSxwc6K7dKZqfd68xULnj2aHRFZr0SyK3kXeirg==}
    engines: {node: '>=10'}
    cpu: [x64]
    os: [freebsd]
    requiresBuild: true
    dev: false
    optional: true

  /@swc/core-linux-arm-gnueabihf/1.2.127:
    resolution: {integrity: sha512-wE6JzkbmQ7Kq5U/BRyE1893//MRrpees7bNvcION5rq9Yd0on2XY7ifaSlGeEEMgO/RRIsHXUJTUjsfY4XVvMQ==}
    engines: {node: '>=10'}
    cpu: [arm]
    os: [linux]
    requiresBuild: true
    dev: false
    optional: true

  /@swc/core-linux-arm64-gnu/1.2.127:
    resolution: {integrity: sha512-oenvsF18KUNiNvDxHmUwY3uXJoqeienSAPAiWQfThrNOyadVLeKs6ecmkFxoCEZOV05gek4A/hBHImdby0UTcw==}
    engines: {node: '>=10'}
    cpu: [arm64]
    os: [linux]
    requiresBuild: true
    dev: false
    optional: true

  /@swc/core-linux-arm64-musl/1.2.127:
    resolution: {integrity: sha512-R371z8YH3t0uevQA8AfimS5GwBHwoPifpsKjl3sH1LXlYEm+XAw/yUe/z/bRBUx465IhqdNW+ZrUswCtxo1fVw==}
    engines: {node: '>=10'}
    cpu: [arm64]
    os: [linux]
    requiresBuild: true
    dev: false
    optional: true

  /@swc/core-linux-x64-gnu/1.2.127:
    resolution: {integrity: sha512-QAn3KVRQOKmvJxUb/0gNcb4BeFfBVWV+Ry5o4HMfnxdRSLl7sGlDYAbH7V2atM6P/4OT5cpiorQvjCdOXNSS1Q==}
    engines: {node: '>=10'}
    cpu: [x64]
    os: [linux]
    requiresBuild: true
    dev: false
    optional: true

  /@swc/core-linux-x64-musl/1.2.127:
    resolution: {integrity: sha512-UeBPFWXndeefjcsoW6JBwT5aSdGQpaqqoiA1Sa7aHa87O/Egun2dMawGhTqbyzeKapS70rcZlvaY9UCHj2TEiQ==}
    engines: {node: '>=10'}
    cpu: [x64]
    os: [linux]
    requiresBuild: true
    dev: false
    optional: true

  /@swc/core-win32-arm64-msvc/1.2.127:
    resolution: {integrity: sha512-4S7LZvOo0k121dXZgfE9Rs4DYNOmLy9OXI4kB5wk52B4llfzNhiZjARwqI4f5oqk8znyOuPV8JIzDUnNPzxkTA==}
    engines: {node: '>=10'}
    cpu: [arm64]
    os: [win32]
    requiresBuild: true
    dev: false
    optional: true

  /@swc/core-win32-ia32-msvc/1.2.127:
    resolution: {integrity: sha512-7oM0G+1KASIEujhBYD/a6xDwFFhN31pZ34rEfrXvu+lGlx0e5i0q/vHI9fXkxNimMpePCQJ21aTIeCxs0HzZ6g==}
    engines: {node: '>=10'}
    cpu: [ia32]
    os: [win32]
    requiresBuild: true
    dev: false
    optional: true

  /@swc/core-win32-x64-msvc/1.2.127:
    resolution: {integrity: sha512-AglGNIi5VYJEbrqWiA0VbrKFG0Xta6yBLCy39XQgImgL8yl3R586vNRts+kPv2+hC2MOx9yr8eUXFnKpBCr9hA==}
    engines: {node: '>=10'}
    cpu: [x64]
    os: [win32]
    requiresBuild: true
    dev: false
    optional: true

  /@swc/core/1.2.127:
    resolution: {integrity: sha512-JF2xOOPgKT1XRs5eXiKAk2kV7BwJvPTIfBT79Pk3cEEQzDgxGSs3spVWXHA0EhCbh1MquJgR7bElt0Pyk/CRbg==}
    engines: {node: '>=10'}
    dependencies:
      '@node-rs/helper': 1.3.0
    optionalDependencies:
      '@swc/core-android-arm-eabi': 1.2.127
      '@swc/core-android-arm64': 1.2.127
      '@swc/core-darwin-arm64': 1.2.127
      '@swc/core-darwin-x64': 1.2.127
      '@swc/core-freebsd-x64': 1.2.127
      '@swc/core-linux-arm-gnueabihf': 1.2.127
      '@swc/core-linux-arm64-gnu': 1.2.127
      '@swc/core-linux-arm64-musl': 1.2.127
      '@swc/core-linux-x64-gnu': 1.2.127
      '@swc/core-linux-x64-musl': 1.2.127
      '@swc/core-win32-arm64-msvc': 1.2.127
      '@swc/core-win32-ia32-msvc': 1.2.127
      '@swc/core-win32-x64-msvc': 1.2.127
    dev: false

  /ansi-styles/4.3.0:
    resolution: {integrity: sha1-7dgDYornHATIWuegkG7a00tkiTc=}
    engines: {node: '>=8'}
    dependencies:
      color-convert: 2.0.1
    dev: false

  /chalk/4.1.2:
    resolution: {integrity: sha1-qsTit3NKdAhnrrFr8CqtVWoeegE=}
    engines: {node: '>=10'}
    dependencies:
      ansi-styles: 4.3.0
      supports-color: 7.2.0
    dev: false

  /color-convert/2.0.1:
    resolution: {integrity: sha512-RRECPsj7iu/xb5oKYcsFHSppFNnsj/52OVTRKb4zP5onXwVF3zVmmToNcOfGC+CRDpfK/U584fMg38ZHCaElKQ==}
    engines: {node: '>=7.0.0'}
    dependencies:
      color-name: 1.1.4
    dev: false

  /color-name/1.1.4:
    resolution: {integrity: sha1-wqCah6y95pVD3m9j+jmVyCbFNqI=}
    dev: false

  /debug/4.3.3:
    resolution: {integrity: sha512-/zxw5+vh1Tfv+4Qn7a5nsbcJKPaSvCDhojn6FEl9vupwK2VCSDtEiEtqr8DFtzYFOdz63LBkxec7DYuc2jon6Q==}
    engines: {node: '>=6.0'}
    peerDependencies:
      supports-color: '*'
    peerDependenciesMeta:
      supports-color:
        optional: true
    dependencies:
      ms: 2.1.2
    dev: false

  /esbuild-android-arm64/0.13.15:
    resolution: {integrity: sha1-P8P/C6t2/jXdI3R2tdKzK7IKPUQ=}
    cpu: [arm64]
    os: [android]
    requiresBuild: true
    dev: false
    optional: true

  /esbuild-darwin-64/0.13.15:
    resolution: {integrity: sha1-jpFpwWuvRE6s7GDQmyTRGyVajnI=}
    cpu: [x64]
    os: [darwin]
    requiresBuild: true
    dev: false
    optional: true

  /esbuild-darwin-arm64/0.13.15:
    resolution: {integrity: sha1-Gwf4k7YyEU+AXhiN38pBsrd4Ipo=}
    cpu: [arm64]
    os: [darwin]
    requiresBuild: true
    dev: false
    optional: true

  /esbuild-freebsd-64/0.13.15:
    resolution: {integrity: sha1-C4t+yhaQyOyUx1aAw4wHJpwfSoU=}
    cpu: [x64]
    os: [freebsd]
    requiresBuild: true
    dev: false
    optional: true

  /esbuild-freebsd-arm64/0.13.15:
    resolution: {integrity: sha1-LhpsaWv9zSCplXi3Y1C0HbGTTlI=}
    cpu: [arm64]
    os: [freebsd]
    requiresBuild: true
    dev: false
    optional: true

  /esbuild-linux-32/0.13.15:
    resolution: {integrity: sha1-b9OfNvxm3UW2tfUVcox7vrw0Kmk=}
    cpu: [ia32]
    os: [linux]
    requiresBuild: true
    dev: false
    optional: true

  /esbuild-linux-64/0.13.15:
    resolution: {integrity: sha1-nLjkvNdXTmeUbk7l8fHhI4a7bdM=}
    cpu: [x64]
    os: [linux]
    requiresBuild: true
    dev: false
    optional: true

  /esbuild-linux-arm/0.13.15:
    resolution: {integrity: sha1-igDpnmoMbJprfzNIQTZNiitK7P4=}
    cpu: [arm]
    os: [linux]
    requiresBuild: true
    dev: false
    optional: true

  /esbuild-linux-arm64/0.13.15:
    resolution: {integrity: sha1-OJGqNwTsV5obktKlhhIuW2or+6E=}
    cpu: [arm64]
    os: [linux]
    requiresBuild: true
    dev: false
    optional: true

  /esbuild-linux-mips64le/0.13.15:
    resolution: {integrity: sha1-NrB8xHw9IeSNs7sfTZ749Grq1Pc=}
    cpu: [mips64el]
    os: [linux]
    requiresBuild: true
    dev: false
    optional: true

  /esbuild-linux-ppc64le/0.13.15:
    resolution: {integrity: sha1-9+a7pAuaEeudyuWwFVDqBGcO2tI=}
    cpu: [ppc64]
    os: [linux]
    requiresBuild: true
    dev: false
    optional: true

  /esbuild-netbsd-64/0.13.15:
    resolution: {integrity: sha1-ov7cVJwrYp1YCnMthAcSsI1EADg=}
    cpu: [x64]
    os: [netbsd]
    requiresBuild: true
    dev: false
    optional: true

  /esbuild-openbsd-64/0.13.15:
    resolution: {integrity: sha1-siwOWAbTofvwMlhyA3+IUwawXNc=}
    cpu: [x64]
    os: [openbsd]
    requiresBuild: true
    dev: false
    optional: true

  /esbuild-sunos-64/0.13.15:
    resolution: {integrity: sha1-0LZFSog3XujTlk2u/1XIXJHHzvQ=}
    cpu: [x64]
    os: [sunos]
    requiresBuild: true
    dev: false
    optional: true

  /esbuild-windows-32/0.13.15:
    resolution: {integrity: sha1-yW0Lm7tS8zAzIlgu+OSEfFrTdac=}
    cpu: [ia32]
    os: [win32]
    requiresBuild: true
    dev: false
    optional: true

  /esbuild-windows-64/0.13.15:
    resolution: {integrity: sha1-H3nLmx4bsC+yXNQUy5DU6iiSwpQ=}
    cpu: [x64]
    os: [win32]
    requiresBuild: true
    dev: false
    optional: true

  /esbuild-windows-arm64/0.13.15:
    resolution: {integrity: sha1-SCFzBwgQ3yKnUsaGUJw3DDvjs8M=}
    cpu: [arm64]
    os: [win32]
    requiresBuild: true
    dev: false
    optional: true

  /esbuild/0.13.15:
    resolution: {integrity: sha1-21aogWbuNz+H27LYeY/0SeBFDN8=}
    hasBin: true
    requiresBuild: true
    optionalDependencies:
      esbuild-android-arm64: 0.13.15
      esbuild-darwin-64: 0.13.15
      esbuild-darwin-arm64: 0.13.15
      esbuild-freebsd-64: 0.13.15
      esbuild-freebsd-arm64: 0.13.15
      esbuild-linux-32: 0.13.15
      esbuild-linux-64: 0.13.15
      esbuild-linux-arm: 0.13.15
      esbuild-linux-arm64: 0.13.15
      esbuild-linux-mips64le: 0.13.15
      esbuild-linux-ppc64le: 0.13.15
      esbuild-netbsd-64: 0.13.15
      esbuild-openbsd-64: 0.13.15
      esbuild-sunos-64: 0.13.15
      esbuild-windows-32: 0.13.15
      esbuild-windows-64: 0.13.15
      esbuild-windows-arm64: 0.13.15
    dev: false

  /estree-walker/2.0.2:
    resolution: {integrity: sha1-UvAQF4wqTBF6d1fP6UKtt9LaTKw=}
    dev: false

  /fsevents/2.3.2:
    resolution: {integrity: sha1-ilJveLj99GI7cJ4Ll1xSwkwC/Ro=}
    engines: {node: ^8.16.0 || ^10.6.0 || >=11.0.0}
    os: [darwin]
    requiresBuild: true
    dev: false
    optional: true

  /function-bind/1.1.1:
    resolution: {integrity: sha1-pWiZ0+o8m6uHS7l3O3xe3pL0iV0=}
    dev: false

  /has-flag/4.0.0:
    resolution: {integrity: sha1-lEdx/ZyByBJlxNaUGGDaBrtZR5s=}
    engines: {node: '>=8'}
    dev: false

  /has/1.0.3:
    resolution: {integrity: sha1-ci18v8H2qoJB8W3YFOAR4fQeh5Y=}
    engines: {node: '>= 0.4.0'}
    dependencies:
      function-bind: 1.1.1
    dev: false

  /is-core-module/2.8.1:
    resolution: {integrity: sha512-SdNCUs284hr40hFTFP6l0IfZ/RSrMXF3qgoRHd3/79unUTvrFO/JoXwkGm+5J/Oe3E/b5GsnG330uUNgRpu1PA==}
    dependencies:
      has: 1.0.3
    dev: false

  /ms/2.1.2:
    resolution: {integrity: sha512-sGkPx+VjMtmA6MX27oA4FBFELFCZZ4S4XqeGOXCv68tT+jb3vk/RyaKWP0PTKyWtmLSM0b+adUTEvbs1PEaH2w==}
    dev: false

  /nanoid/3.1.30:
    resolution: {integrity: sha1-Y/k8xUjSoRPcXfvGO/oJ4rm2Q2I=}
    engines: {node: ^10 || ^12 || ^13.7 || ^14 || >=15.0.1}
    hasBin: true
    dev: false

  /path-parse/1.0.7:
    resolution: {integrity: sha1-+8EUtgykKzDZ2vWFjkvWi77bZzU=}
    dev: false

  /picocolors/1.0.0:
    resolution: {integrity: sha1-y1vcdP8/UYkiNur3nWi8RFZKuBw=}
    dev: false

  /picomatch/2.3.1:
    resolution: {integrity: sha512-JU3teHTNjmE2VCGFzuY8EXzCDVwEqB2a8fsIvwaStHhAWJEeVd1o1QD80CU6+ZdEXXSLbSsuLwJjkCBWqRQUVA==}
    engines: {node: '>=8.6'}
    dev: false

  /postcss/8.4.5:
    resolution: {integrity: sha512-jBDboWM8qpaqwkMwItqTQTiFikhs/67OYVvblFFTM7MrZjt6yMKd6r2kgXizEbTTljacm4NldIlZnhbjr84QYg==}
    engines: {node: ^10 || ^12 || >=14}
    dependencies:
      nanoid: 3.1.30
      picocolors: 1.0.0
      source-map-js: 1.0.1
    dev: false

  /resolve/1.21.0:
    resolution: {integrity: sha512-3wCbTpk5WJlyE4mSOtDLhqQmGFi0/TD9VPwmiolnk8U0wRgMEktqCXd3vy5buTO3tljvalNvKrjHEfrd2WpEKA==}
    hasBin: true
    dependencies:
      is-core-module: 2.8.1
      path-parse: 1.0.7
      supports-preserve-symlinks-flag: 1.0.0
    dev: false

  /rollup/2.63.0:
    resolution: {integrity: sha512-nps0idjmD+NXl6OREfyYXMn/dar3WGcyKn+KBzPdaLecub3x/LrId0wUcthcr8oZUAcZAR8NKcfGGFlNgGL1kQ==}
    engines: {node: '>=10.0.0'}
    hasBin: true
    optionalDependencies:
      fsevents: 2.3.2
    dev: false

  /source-map-js/1.0.1:
    resolution: {integrity: sha1-oXQcEx48d9BIJSrfok4juQhnDK8=}
    engines: {node: '>=0.10.0'}
    dev: false

  /supports-color/7.2.0:
    resolution: {integrity: sha1-G33NyzK4E4gBs+R4umpRyqiWSNo=}
    engines: {node: '>=8'}
    dependencies:
      has-flag: 4.0.0
    dev: false

  /supports-preserve-symlinks-flag/1.0.0:
    resolution: {integrity: sha512-ot0WnXS9fgdkgIcePe6RHNk1WA8+muPa6cSjeR3V8K27q9BB1rTE3R1p7Hv0z1ZyAc8s6Vvv8DIyWf681MAt0w==}
    engines: {node: '>= 0.4'}
    dev: false

  /vite-plugin-node/0.0.15_vite@2.7.10:
    resolution: {integrity: sha1-bcBwsDQ0K1mMD3eOvQUXhBilStI=}
    peerDependencies:
      vite: ^2.6.2
    dependencies:
      '@rollup/pluginutils': 4.1.2
      '@swc/core': 1.2.127
      chalk: 4.1.2
      debug: 4.3.3
      vite: 2.7.10
    transitivePeerDependencies:
      - supports-color
    dev: false

  /vite/2.7.10:
    resolution: {integrity: sha512-KEY96ntXUid1/xJihJbgmLZx7QSC2D4Tui0FdS0Old5OokYzFclcofhtxtjDdGOk/fFpPbHv9yw88+rB93Tb8w==}
    engines: {node: '>=12.2.0'}
    hasBin: true
    peerDependencies:
      less: '*'
      sass: '*'
      stylus: '*'
    peerDependenciesMeta:
      less:
        optional: true
      sass:
        optional: true
      stylus:
        optional: true
    dependencies:
      esbuild: 0.13.15
      postcss: 8.4.5
      resolve: 1.21.0
      rollup: 2.63.0
    optionalDependencies:
      fsevents: 2.3.2
    dev: false
